
Microsoft Visual Studio Solution File, Format Version 10.00
# Visual Studio 2008
Project("{E24C65DC-7377-472B-9ABA-BC803B73C61A}") = "Lotus", "Lotus\", "{40A7A513-8D7E-4054-8D12-17AF2B52640B}"
	ProjectSection(WebsiteProperties) = preProject
		TargetFramework = "3.5"
		ProjectReferences = "{AC936ABF-9B14-43A5-9E0F-077DAD96DEF7}|Services.dll;"
		Debug.AspNetCompiler.VirtualPath = "/Lotus"
		Debug.AspNetCompiler.PhysicalPath = "Lotus\"
		Debug.AspNetCompiler.TargetPath = "PrecompiledWeb\Lotus\"
		Debug.AspNetCompiler.Updateable = "true"
		Debug.AspNetCompiler.ForceOverwrite = "true"
		Debug.AspNetCompiler.FixedNames = "false"
		Debug.AspNetCompiler.Debug = "True"
		Release.AspNetCompiler.VirtualPath = "/Lotus"
		Release.AspNetCompiler.PhysicalPath = "Lotus\"
		Release.AspNetCompiler.TargetPath = "PrecompiledWeb\Lotus\"
		Release.AspNetCompiler.Updateable = "true"
		Release.AspNetCompiler.ForceOverwrite = "true"
		Release.AspNetCompiler.FixedNames = "false"
		Release.AspNetCompiler.Debug = "False"
		VWDPort = "3812"
	EndProjectSection
EndProject
Project("{FAE04EC0-301F-11D3-BF4B-00C04F79EFBC}") = "Services", "Services\Services.csproj", "{AC936ABF-9B14-43A5-9E0F-077DAD96DEF7}"
EndProject
Global
	GlobalSection(SolutionConfigurationPlatforms) = preSolution
		Debug|Any CPU = Debug|Any CPU
		Release|Any CPU = Release|Any CPU
	EndGlobalSection
	GlobalSection(ProjectConfigurationPlatforms) = postSolution
		{40A7A513-8D7E-4054-8D12-17AF2B52640B}.Debug|Any CPU.ActiveCfg = Debug|Any CPU
		{40A7A513-8D7E-4054-8D12-17AF2B52640B}.Debug|Any CPU.Build.0 = Debug|Any CPU
		{40A7A513-8D7E-4054-8D12-17AF2B52640B}.Release|Any CPU.ActiveCfg = Debug|Any CPU
		{40A7A513-8D7E-4054-8D12-17AF2B52640B}.Release|Any CPU.Build.0 = Debug|Any CPU
		{AC936ABF-9B14-43A5-9E0F-077DAD96DEF7}.Debug|Any CPU.ActiveCfg = Debug|Any CPU
		{AC936ABF-9B14-43A5-9E0F-077DAD96DEF7}.Debug|Any CPU.Build.0 = Debug|Any CPU
		{AC936ABF-9B14-43A5-9E0F-077DAD96DEF7}.Release|Any CPU.ActiveCfg = Release|Any CPU
		{AC936ABF-9B14-43A5-9E0F-077DAD96DEF7}.Release|Any CPU.Build.0 = Release|Any CPU
	EndGlobalSection
	GlobalSection(SolutionProperties) = preSolution
		HideSolutionNode = FALSE
	EndGlobalSection
EndGlobal
